
Microsoft Visual Studio Solution File, Format Version 12.00
# Visual Studio Version 17
VisualStudioVersion = 17.11.35312.102
MinimumVisualStudioVersion = 10.0.40219.1
Project("{9A19103F-16F7-4668-BE54-9A1E7A4F7556}") = "WeatherMonitor.Server", "WeatherMonitor.Server\WeatherMonitor.Server.csproj", "{64751900-2A54-4468-997B-1843DC896B29}"
EndProject
Project("{54A90642-561A-4BB1-A94E-469ADEE60C69}") = "weathermonitor.client", "weathermonitor.client\weathermonitor.client.esproj", "{52F2306B-CD66-4DC2-AD84-C73348DD2167}"
EndProject
Project("{9A19103F-16F7-4668-BE54-9A1E7A4F7556}") = "WeatherMonitor.Server.UserAuthentication", "WeatherMonitor.Server.UserAuthentication\WeatherMonitor.Server.UserAuthentication.csproj", "{262F372A-733B-4BED-AA48-854EC20F74D7}"
EndProject
Project("{9A19103F-16F7-4668-BE54-9A1E7A4F7556}") = "WeatherMonitor.Server.UserAuthorization", "WeatherMonitor.Server.UserAuthorization\WeatherMonitor.Server.UserAuthorization.csproj", "{B522A0F8-2F56-4C95-A56C-5ADA1CA4C7F6}"
EndProject
Project("{9A19103F-16F7-4668-BE54-9A1E7A4F7556}") = "WeatherMonitor.Server.Infrastructure", "WeatherMonitor.Server.Infrastructure\WeatherMonitor.Server.Infrastructure.csproj", "{E07D7630-D7AF-46A1-9816-8141C1CF23B1}"
EndProject
Project("{9A19103F-16F7-4668-BE54-9A1E7A4F7556}") = "WeatherMonitor.Server.SharedKernel", "WeatherMonitor.Server.SharedKernel\WeatherMonitor.Server.SharedKernel.csproj", "{D2910CA3-CA4B-4F30-81E8-D9AADA0DF855}"
EndProject
Project("{9A19103F-16F7-4668-BE54-9A1E7A4F7556}") = "WeatherMonitor.Server.Interfaces", "WeatherMonitor.Server.Interfaces\WeatherMonitor.Server.Interfaces.csproj", "{334F1F7E-6404-4B57-B7AF-F7A6F5EDDC4F}"
EndProject
Project("{9A19103F-16F7-4668-BE54-9A1E7A4F7556}") = "WeatherMonitorCore.Contract", "..\WeatherMonitorCore\WeatherMonitorCore.Contract\WeatherMonitorCore.Contract.csproj", "{C7718636-1BB3-4004-A01A-4A0EF04F10FC}"
EndProject
Project("{9A19103F-16F7-4668-BE54-9A1E7A4F7556}") = "WeatherMonitor.Server.DeviceManagement", "WeatherMonitor.Server.DeviceManagement\WeatherMonitor.Server.DeviceManagement.csproj", "{D8EC1408-30FF-4ED1-B36E-5856BECC3F23}"
EndProject
Project("{9A19103F-16F7-4668-BE54-9A1E7A4F7556}") = "WeatherMonitor.Server.DataView", "WeatherMonitor.Server.DataView\WeatherMonitor.Server.DataView.csproj", "{AAC7CA06-5ED4-49A9-B93A-671E42B09DCE}"
EndProject
Project("{FAE04EC0-301F-11D3-BF4B-00C04F79EFBC}") = "WeatherMonitor.Server.StationsPermissions", "WeatherMonitor.Server.StationsPermissions\WeatherMonitor.Server.StationsPermissions.csproj", "{FD693BA4-5093-4D68-B140-D1742A80B167}"
EndProject
Project("{FAE04EC0-301F-11D3-BF4B-00C04F79EFBC}") = "WeatherMonitor.Server.UserPermissionManagement", "WeatherMonitor.Server.UserPermissionManagement\WeatherMonitor.Server.UserPermissionManagement.csproj", "{8E176F42-57D1-43FA-8E91-B0DAA64BC8BB}"
EndProject
Global
	GlobalSection(SolutionConfigurationPlatforms) = preSolution
		Debug|Any CPU = Debug|Any CPU
		Release|Any CPU = Release|Any CPU
	EndGlobalSection
	GlobalSection(ProjectConfigurationPlatforms) = postSolution
		{64751900-2A54-4468-997B-1843DC896B29}.Debug|Any CPU.ActiveCfg = Debug|Any CPU
		{64751900-2A54-4468-997B-1843DC896B29}.Debug|Any CPU.Build.0 = Debug|Any CPU
		{64751900-2A54-4468-997B-1843DC896B29}.Release|Any CPU.ActiveCfg = Release|Any CPU
		{64751900-2A54-4468-997B-1843DC896B29}.Release|Any CPU.Build.0 = Release|Any CPU
		{52F2306B-CD66-4DC2-AD84-C73348DD2167}.Debug|Any CPU.ActiveCfg = Debug|Any CPU
		{52F2306B-CD66-4DC2-AD84-C73348DD2167}.Debug|Any CPU.Build.0 = Debug|Any CPU
		{52F2306B-CD66-4DC2-AD84-C73348DD2167}.Debug|Any CPU.Deploy.0 = Debug|Any CPU
		{52F2306B-CD66-4DC2-AD84-C73348DD2167}.Release|Any CPU.ActiveCfg = Release|Any CPU
		{52F2306B-CD66-4DC2-AD84-C73348DD2167}.Release|Any CPU.Build.0 = Release|Any CPU
		{52F2306B-CD66-4DC2-AD84-C73348DD2167}.Release|Any CPU.Deploy.0 = Release|Any CPU
		{262F372A-733B-4BED-AA48-854EC20F74D7}.Debug|Any CPU.ActiveCfg = Debug|Any CPU
		{262F372A-733B-4BED-AA48-854EC20F74D7}.Debug|Any CPU.Build.0 = Debug|Any CPU
		{262F372A-733B-4BED-AA48-854EC20F74D7}.Release|Any CPU.ActiveCfg = Release|Any CPU
		{262F372A-733B-4BED-AA48-854EC20F74D7}.Release|Any CPU.Build.0 = Release|Any CPU
		{B522A0F8-2F56-4C95-A56C-5ADA1CA4C7F6}.Debug|Any CPU.ActiveCfg = Debug|Any CPU
		{B522A0F8-2F56-4C95-A56C-5ADA1CA4C7F6}.Debug|Any CPU.Build.0 = Debug|Any CPU
		{B522A0F8-2F56-4C95-A56C-5ADA1CA4C7F6}.Release|Any CPU.ActiveCfg = Release|Any CPU
		{B522A0F8-2F56-4C95-A56C-5ADA1CA4C7F6}.Release|Any CPU.Build.0 = Release|Any CPU
		{E07D7630-D7AF-46A1-9816-8141C1CF23B1}.Debug|Any CPU.ActiveCfg = Debug|Any CPU
		{E07D7630-D7AF-46A1-9816-8141C1CF23B1}.Debug|Any CPU.Build.0 = Debug|Any CPU
		{E07D7630-D7AF-46A1-9816-8141C1CF23B1}.Release|Any CPU.ActiveCfg = Release|Any CPU
		{E07D7630-D7AF-46A1-9816-8141C1CF23B1}.Release|Any CPU.Build.0 = Release|Any CPU
		{D2910CA3-CA4B-4F30-81E8-D9AADA0DF855}.Debug|Any CPU.ActiveCfg = Debug|Any CPU
		{D2910CA3-CA4B-4F30-81E8-D9AADA0DF855}.Debug|Any CPU.Build.0 = Debug|Any CPU
		{D2910CA3-CA4B-4F30-81E8-D9AADA0DF855}.Release|Any CPU.ActiveCfg = Release|Any CPU
		{D2910CA3-CA4B-4F30-81E8-D9AADA0DF855}.Release|Any CPU.Build.0 = Release|Any CPU
		{334F1F7E-6404-4B57-B7AF-F7A6F5EDDC4F}.Debug|Any CPU.ActiveCfg = Debug|Any CPU
		{334F1F7E-6404-4B57-B7AF-F7A6F5EDDC4F}.Debug|Any CPU.Build.0 = Debug|Any CPU
		{334F1F7E-6404-4B57-B7AF-F7A6F5EDDC4F}.Release|Any CPU.ActiveCfg = Release|Any CPU
		{334F1F7E-6404-4B57-B7AF-F7A6F5EDDC4F}.Release|Any CPU.Build.0 = Release|Any CPU
		{C7718636-1BB3-4004-A01A-4A0EF04F10FC}.Debug|Any CPU.ActiveCfg = Debug|Any CPU
		{C7718636-1BB3-4004-A01A-4A0EF04F10FC}.Debug|Any CPU.Build.0 = Debug|Any CPU
		{C7718636-1BB3-4004-A01A-4A0EF04F10FC}.Release|Any CPU.ActiveCfg = Release|Any CPU
		{C7718636-1BB3-4004-A01A-4A0EF04F10FC}.Release|Any CPU.Build.0 = Release|Any CPU
		{D8EC1408-30FF-4ED1-B36E-5856BECC3F23}.Debug|Any CPU.ActiveCfg = Debug|Any CPU
		{D8EC1408-30FF-4ED1-B36E-5856BECC3F23}.Debug|Any CPU.Build.0 = Debug|Any CPU
		{D8EC1408-30FF-4ED1-B36E-5856BECC3F23}.Release|Any CPU.ActiveCfg = Release|Any CPU
		{D8EC1408-30FF-4ED1-B36E-5856BECC3F23}.Release|Any CPU.Build.0 = Release|Any CPU
		{AAC7CA06-5ED4-49A9-B93A-671E42B09DCE}.Debug|Any CPU.ActiveCfg = Debug|Any CPU
		{AAC7CA06-5ED4-49A9-B93A-671E42B09DCE}.Debug|Any CPU.Build.0 = Debug|Any CPU
		{AAC7CA06-5ED4-49A9-B93A-671E42B09DCE}.Release|Any CPU.ActiveCfg = Release|Any CPU
		{AAC7CA06-5ED4-49A9-B93A-671E42B09DCE}.Release|Any CPU.Build.0 = Release|Any CPU
		{FD693BA4-5093-4D68-B140-D1742A80B167}.Debug|Any CPU.ActiveCfg = Debug|Any CPU
		{FD693BA4-5093-4D68-B140-D1742A80B167}.Debug|Any CPU.Build.0 = Debug|Any CPU
		{FD693BA4-5093-4D68-B140-D1742A80B167}.Release|Any CPU.ActiveCfg = Release|Any CPU
		{FD693BA4-5093-4D68-B140-D1742A80B167}.Release|Any CPU.Build.0 = Release|Any CPU
		{8E176F42-57D1-43FA-8E91-B0DAA64BC8BB}.Debug|Any CPU.ActiveCfg = Debug|Any CPU
		{8E176F42-57D1-43FA-8E91-B0DAA64BC8BB}.Debug|Any CPU.Build.0 = Debug|Any CPU
		{8E176F42-57D1-43FA-8E91-B0DAA64BC8BB}.Release|Any CPU.ActiveCfg = Release|Any CPU
		{8E176F42-57D1-43FA-8E91-B0DAA64BC8BB}.Release|Any CPU.Build.0 = Release|Any CPU
	EndGlobalSection
	GlobalSection(SolutionProperties) = preSolution
		HideSolutionNode = FALSE
	EndGlobalSection
	GlobalSection(ExtensibilityGlobals) = postSolution
		SolutionGuid = {3B3B5C73-84BA-4E91-A500-F9C9AF3511C5}
	EndGlobalSection
EndGlobal
